{
  "version": "2",
  "remote": {
    "https://deno.land/std@0.150.0/_util/assert.ts": "e94f2eb37cebd7f199952e242c77654e43333c1ac4c5c700e929ea3aa5489f74",
    "https://deno.land/std@0.150.0/_util/os.ts": "3b4c6e27febd119d36a416d7a97bd3b0251b77c88942c8f16ee5953ea13e2e49",
    "https://deno.land/std@0.150.0/path/_constants.ts": "df1db3ffa6dd6d1252cc9617e5d72165cd2483df90e93833e13580687b6083c3",
    "https://deno.land/std@0.150.0/path/_interface.ts": "ee3b431a336b80cf445441109d089b70d87d5e248f4f90ff906820889ecf8d09",
    "https://deno.land/std@0.150.0/path/_util.ts": "c1e9686d0164e29f7d880b2158971d805b6e0efc3110d0b3e24e4b8af2190d2b",
    "https://deno.land/std@0.150.0/path/common.ts": "bee563630abd2d97f99d83c96c2fa0cca7cee103e8cb4e7699ec4d5db7bd2633",
    "https://deno.land/std@0.150.0/path/glob.ts": "cb5255638de1048973c3e69e420c77dc04f75755524cb3b2e160fe9277d939ee",
    "https://deno.land/std@0.150.0/path/mod.ts": "4945b430b759b0b3d98f2a278542cbcf95e0ad2bd8eaaed3c67322b306b2b346",
    "https://deno.land/std@0.150.0/path/posix.ts": "c1f7afe274290ea0b51da07ee205653b2964bd74909a82deb07b69a6cc383aaa",
    "https://deno.land/std@0.150.0/path/separator.ts": "fe1816cb765a8068afb3e8f13ad272351c85cbc739af56dacfc7d93d710fe0f9",
    "https://deno.land/std@0.150.0/path/win32.ts": "bd7549042e37879c68ff2f8576a25950abbfca1d696d41d82c7bca0b7e6f452c",
    "https://deno.land/std@0.156.0/_util/assert.ts": "e94f2eb37cebd7f199952e242c77654e43333c1ac4c5c700e929ea3aa5489f74",
    "https://deno.land/std@0.156.0/_util/os.ts": "3b4c6e27febd119d36a416d7a97bd3b0251b77c88942c8f16ee5953ea13e2e49",
    "https://deno.land/std@0.156.0/path/_constants.ts": "df1db3ffa6dd6d1252cc9617e5d72165cd2483df90e93833e13580687b6083c3",
    "https://deno.land/std@0.156.0/path/_interface.ts": "ee3b431a336b80cf445441109d089b70d87d5e248f4f90ff906820889ecf8d09",
    "https://deno.land/std@0.156.0/path/_util.ts": "d16be2a16e1204b65f9d0dfc54a9bc472cafe5f4a190b3c8471ec2016ccd1677",
    "https://deno.land/std@0.156.0/path/common.ts": "bee563630abd2d97f99d83c96c2fa0cca7cee103e8cb4e7699ec4d5db7bd2633",
    "https://deno.land/std@0.156.0/path/glob.ts": "cb5255638de1048973c3e69e420c77dc04f75755524cb3b2e160fe9277d939ee",
    "https://deno.land/std@0.156.0/path/mod.ts": "56fec03ad0ebd61b6ab39ddb9b0ddb4c4a5c9f2f4f632e09dd37ec9ebfd722ac",
    "https://deno.land/std@0.156.0/path/posix.ts": "c1f7afe274290ea0b51da07ee205653b2964bd74909a82deb07b69a6cc383aaa",
    "https://deno.land/std@0.156.0/path/separator.ts": "fe1816cb765a8068afb3e8f13ad272351c85cbc739af56dacfc7d93d710fe0f9",
    "https://deno.land/std@0.156.0/path/win32.ts": "bd7549042e37879c68ff2f8576a25950abbfca1d696d41d82c7bca0b7e6f452c",
    "https://deno.land/std@0.157.0/_util/assert.ts": "e94f2eb37cebd7f199952e242c77654e43333c1ac4c5c700e929ea3aa5489f74",
    "https://deno.land/std@0.157.0/_util/os.ts": "8a33345f74990e627b9dfe2de9b040004b08ea5146c7c9e8fe9a29070d193934",
    "https://deno.land/std@0.157.0/async/abortable.ts": "87aa7230be8360c24ad437212311c9e8d4328854baec27b4c7abb26e85515c06",
    "https://deno.land/std@0.157.0/async/deadline.ts": "48ac998d7564969f3e6ec6b6f9bf0217ebd00239b1b2292feba61272d5dd58d0",
    "https://deno.land/std@0.157.0/async/debounce.ts": "de5433bff08a2bb61416fc53b3bd2d5867090c8a815465e5b4a10a77495b1051",
    "https://deno.land/std@0.157.0/async/deferred.ts": "c01de44b9192359cebd3fe93273fcebf9e95110bf3360023917da9a2d1489fae",
    "https://deno.land/std@0.157.0/async/delay.ts": "0419dfc993752849692d1f9647edf13407c7facc3509b099381be99ffbc9d699",
    "https://deno.land/std@0.157.0/async/mod.ts": "dd0a8ed4f3984ffabe2fcca7c9f466b7932d57b1864ffee148a5d5388316db6b",
    "https://deno.land/std@0.157.0/async/mux_async_iterator.ts": "3447b28a2a582224a3d4d3596bccbba6e85040da3b97ed64012f7decce98d093",
    "https://deno.land/std@0.157.0/async/pool.ts": "ef9eb97b388543acbf0ac32647121e4dbe629236899586c4d4311a8770fbb239",
    "https://deno.land/std@0.157.0/async/tee.ts": "d27680d911816fcb3d231e16d690e7588079e66a9b2e5ce8cc354db94fdce95f",
    "https://deno.land/std@0.157.0/encoding/hex.ts": "4cc5324417cbb4ac9b828453d35aed45b9cc29506fad658f1f138d981ae33795",
    "https://deno.land/std@0.157.0/flags/mod.ts": "5ecf064f28471b455be61a71b68172236151f3362c8b4a663d5aedee93179ded",
    "https://deno.land/std@0.157.0/fmt/colors.ts": "ff7dc9c9f33a72bd48bc24b21bbc1b4545d8494a431f17894dbc5fe92a938fc4",
    "https://deno.land/std@0.157.0/http/file_server.ts": "5bf7929c331b9503daf1ca67a619b5041c5faa48828dd6e3777bc3321724bdbb",
    "https://deno.land/std@0.157.0/http/http_status.ts": "897575a7d6bc2b9123f6a38ecbc0f03d95a532c5d92029315dc9f508e12526b8",
    "https://deno.land/std@0.157.0/http/server.ts": "c1bce1cbf4060055f622d5c3f0e406fd553e5dca111ca836d28c6268f170ebeb",
    "https://deno.land/std@0.157.0/http/util.ts": "6abb4120b732f28954c3df6fed8bee9e2026a93a327f6f116bf049b3958fd85f",
    "https://deno.land/std@0.157.0/media_types/_util.ts": "ce9b4fc4ba1c447dafab619055e20fd88236ca6bdd7834a21f98bd193c3fbfa1",
    "https://deno.land/std@0.157.0/media_types/mod.ts": "74885352135624774b8cd164f3a9d866aac1e0dc3ccb5412e2a2d56ed4b1fc99",
    "https://deno.land/std@0.157.0/media_types/vendor/mime-db.v1.52.0.ts": "724cee25fa40f1a52d3937d6b4fbbfdd7791ff55e1b7ac08d9319d5632c7f5af",
    "https://deno.land/std@0.157.0/path/_constants.ts": "df1db3ffa6dd6d1252cc9617e5d72165cd2483df90e93833e13580687b6083c3",
    "https://deno.land/std@0.157.0/path/_interface.ts": "ee3b431a336b80cf445441109d089b70d87d5e248f4f90ff906820889ecf8d09",
    "https://deno.land/std@0.157.0/path/_util.ts": "d16be2a16e1204b65f9d0dfc54a9bc472cafe5f4a190b3c8471ec2016ccd1677",
    "https://deno.land/std@0.157.0/path/common.ts": "bee563630abd2d97f99d83c96c2fa0cca7cee103e8cb4e7699ec4d5db7bd2633",
    "https://deno.land/std@0.157.0/path/glob.ts": "cb5255638de1048973c3e69e420c77dc04f75755524cb3b2e160fe9277d939ee",
    "https://deno.land/std@0.157.0/path/mod.ts": "56fec03ad0ebd61b6ab39ddb9b0ddb4c4a5c9f2f4f632e09dd37ec9ebfd722ac",
    "https://deno.land/std@0.157.0/path/posix.ts": "c1f7afe274290ea0b51da07ee205653b2964bd74909a82deb07b69a6cc383aaa",
    "https://deno.land/std@0.157.0/path/separator.ts": "fe1816cb765a8068afb3e8f13ad272351c85cbc739af56dacfc7d93d710fe0f9",
    "https://deno.land/std@0.157.0/path/win32.ts": "bd7549042e37879c68ff2f8576a25950abbfca1d696d41d82c7bca0b7e6f452c",
    "https://deno.land/x/esbuild@v0.14.51/mod.d.ts": "c142324d0383c39de0d7660cd207a7f7f52c7198a13d7d3281c0d636a070f441",
    "https://deno.land/x/esbuild@v0.14.51/wasm.d.ts": "c142324d0383c39de0d7660cd207a7f7f52c7198a13d7d3281c0d636a070f441",
    "https://deno.land/x/esbuild@v0.14.51/wasm.js": "afc1b6927543b664af60ce452c4929e5dc2bb9a0f4ed47b446a6431847c7598e",
    "https://deno.land/x/esbuild@v0.15.10/mod.d.ts": "12e96a8d05c8e2c5638aa9cb09f24222134d437abb2f3f52de0156adb2270719",
    "https://deno.land/x/esbuild@v0.15.10/wasm.d.ts": "12e96a8d05c8e2c5638aa9cb09f24222134d437abb2f3f52de0156adb2270719",
    "https://deno.land/x/esbuild@v0.15.10/wasm.js": "31ed72ba5563efe60f5ea1596e3df657803a5133ff88bbd5db341d98871c6e00",
    "https://deno.land/x/esbuild_deno_loader@0.5.2/deps.ts": "bf83c27b7787b2f245fa0bc0b99f5041aa949c000a81c016cfe828d06b476d37",
    "https://deno.land/x/esbuild_deno_loader@0.5.2/mod.ts": "bc111a68f323dbdb6edec68dd558ab732b27866d2ef304708872d763387b65d7",
    "https://deno.land/x/esbuild_deno_loader@0.5.2/src/deno.ts": "0e83ccabbe2b004389288e38df2031b79eb347df2d139fce9394d8e88a11f259",
    "https://deno.land/x/esbuild_deno_loader@0.5.2/src/native_loader.ts": "343854a566cf510cf25144f7c09fc0c1097780a31830305142a075d12bb697ba",
    "https://deno.land/x/esbuild_deno_loader@0.5.2/src/portable_loader.ts": "35b6c526eed8c2c781a3256b23c30aa7cce69c0ef1d583c15528663287ba18a3",
    "https://deno.land/x/esbuild_deno_loader@0.5.2/src/shared.ts": "b64749cd8c0f6252a11498bd8758ef1220003e46b2c9b68e16da63fd7e92b13a",
    "https://deno.land/x/esbuild_deno_loader@0.6.0/deps.ts": "fe86f62cb954edc2580868cdc3292d4446f22cd2c4eedbf8ee26513fdf74e343",
    "https://deno.land/x/esbuild_deno_loader@0.6.0/mod.ts": "5d8a429b26c70f9fd522a8629e751f3bdf63680da473e537bc420d552ee3bf0b",
    "https://deno.land/x/esbuild_deno_loader@0.6.0/src/deno.ts": "0e83ccabbe2b004389288e38df2031b79eb347df2d139fce9394d8e88a11f259",
    "https://deno.land/x/esbuild_deno_loader@0.6.0/src/native_loader.ts": "343854a566cf510cf25144f7c09fc0c1097780a31830305142a075d12bb697ba",
    "https://deno.land/x/esbuild_deno_loader@0.6.0/src/portable_loader.ts": "35b6c526eed8c2c781a3256b23c30aa7cce69c0ef1d583c15528663287ba18a3",
    "https://deno.land/x/esbuild_deno_loader@0.6.0/src/shared.ts": "b64749cd8c0f6252a11498bd8758ef1220003e46b2c9b68e16da63fd7e92b13a",
    "https://deno.land/x/importmap@0.2.1/_util.ts": "ada9a9618b537e6c0316c048a898352396c882b9f2de38aba18fd3f2950ede89",
    "https://deno.land/x/importmap@0.2.1/mod.ts": "ae3d1cd7eabd18c01a4960d57db471126b020f23b37ef14e1359bbb949227ade",
    "https://esm.sh/@trpc/server@10.8.1": "8c448c856acf5993fd3b86073d28703643372c4d360790c1a9f490ab40861e4c",
    "https://esm.sh/@trpc/server@10.8.1/adapters/fetch": "b92e7ad265596f194c272559ed90bf52a941c77d23c47a78870a7eac2850eac0",
    "https://esm.sh/v102/@trpc/server@10.8.1/adapters/fetch/index.d.ts": "f5f28ef4d47bb0f729515d55176df9755827dab54f80e8d7b48920c27a9c82f0",
    "https://esm.sh/v102/@trpc/server@10.8.1/deno/adapters/fetch.js": "86ee077d28e32a20247b49256823cb9e81b7624d9e7d14c8b4d8797a8abfb81f",
    "https://esm.sh/v102/@trpc/server@10.8.1/deno/server.js": "00c9ddafefdce4f3297871afc54d0389c9fb06f1aa6186c1610ed48a3703025a",
    "https://esm.sh/v102/@trpc/server@10.8.1/dist/adapters/fetch/fetchRequestHandler.d.ts": "0eedb8995060c26374738f0a1581ccd2b509de84b1b3e817f217cdfffdd7e9ea",
    "https://esm.sh/v102/@trpc/server@10.8.1/dist/adapters/fetch/index.d.ts": "89e7872c511015ec0c23d85763e43b8720371846729dde1d1dc744aa5730753c",
    "https://esm.sh/v102/@trpc/server@10.8.1/dist/adapters/fetch/types.d.ts": "e8155b57101fca8d0acb5c94ce20b27304a5c72699423b4fc3b0798e93d9a993",
    "https://esm.sh/v102/@trpc/server@10.8.1/dist/core/index.d.ts": "6b4957361dd682272a5f58ea641cc9590322749226d5524fa2471477a1b2e991",
    "https://esm.sh/v102/@trpc/server@10.8.1/dist/core/initTRPC.d.ts": "b1113a65e6a3d35d692eafdb0c5bbe1844e5ddfce9015ca82619f0f1ea0b0e24",
    "https://esm.sh/v102/@trpc/server@10.8.1/dist/core/internals/__generated__/mergeRoutersGeneric.d.ts": "dd1aeaded7ece1f44bf459c7e649c73629779b112ad2fda9c02ae2d07204083c",
    "https://esm.sh/v102/@trpc/server@10.8.1/dist/core/internals/config.d.ts": "5c47a1273c919e46ea3798d6aa3ab3435644978ac79dbc11eca1330354f011c3",
    "https://esm.sh/v102/@trpc/server@10.8.1/dist/core/internals/getParseFn.d.ts": "53ca637d0e80e3d61a689acba937254d9cc0ceba4b3920308fb9b0d8a24792b6",
    "https://esm.sh/v102/@trpc/server@10.8.1/dist/core/internals/procedureBuilder.d.ts": "5992f6af7ab03f67bee18ab13b5dec8a123ef1540072f6b83e4af524c2ee8c9d",
    "https://esm.sh/v102/@trpc/server@10.8.1/dist/core/internals/utils.d.ts": "9cd3f8f6eaf156945dc305b3e3c15f672584d7f0f7b6df3a7cdbdfb64d1a5aed",
    "https://esm.sh/v102/@trpc/server@10.8.1/dist/core/middleware.d.ts": "d278018199fd6be8827422a21cd3197863a50e3a337b59b4d057faec8d4425ce",
    "https://esm.sh/v102/@trpc/server@10.8.1/dist/core/parser.d.ts": "3841c5cc50106a20963aac3d649a0babddf841f90c7afc6aa569305512e4b628",
    "https://esm.sh/v102/@trpc/server@10.8.1/dist/core/procedure.d.ts": "4409ee39624567b2417acf6e165a367258cd6ac1c8d1d4906c33bbd6e0e172a4",
    "https://esm.sh/v102/@trpc/server@10.8.1/dist/core/router.d.ts": "84e6cbf7b57706e30b6343222e2b7275265342971e70de272c7eb2ead7e54241",
    "https://esm.sh/v102/@trpc/server@10.8.1/dist/core/types.d.ts": "a5637ba37f00f69155ae2c28e6c8e35adb18b21d44674537f08ad122c245d939",
    "https://esm.sh/v102/@trpc/server@10.8.1/dist/deprecated/internals/middlewares.d.ts": "7039a28bd16d4d6bd715394ee19ce789a82777bc11dbcceef5634f9afa622316",
    "https://esm.sh/v102/@trpc/server@10.8.1/dist/deprecated/internals/procedure.d.ts": "865405ebbff4d547776c4e49137d14efdd51fa6a40eb6f7fa50183a89b43a78d",
    "https://esm.sh/v102/@trpc/server@10.8.1/dist/deprecated/interop.d.ts": "ebdd68fac066499445e75d4aadc14f4e86f0fc4f5751594d8ac2ca5e3e7a51d2",
    "https://esm.sh/v102/@trpc/server@10.8.1/dist/deprecated/router.d.ts": "38d39d06b533fd349e89318d61aeaeed2b7b4dee2598378a2b2f52d9b2d18601",
    "https://esm.sh/v102/@trpc/server@10.8.1/dist/error/TRPCError.d.ts": "0097bedb0706993abf7cf1537b3791fee0382d27037170b071c310c057d4a5c3",
    "https://esm.sh/v102/@trpc/server@10.8.1/dist/error/formatter.d.ts": "6be4e1ae8727726a6adb04f83faac7fe45c2e816f06716ed62571c738ecba059",
    "https://esm.sh/v102/@trpc/server@10.8.1/dist/http/internals/types.d.ts": "1c7d9f0d73aefb6dbed9711f25241e5cd95be22dfb6b6c40a33d4c2f11bf18b7",
    "https://esm.sh/v102/@trpc/server@10.8.1/dist/http/types.d.ts": "eb081ced2683df7461a3ffc659627087bc97f627c1ec79fbb7813cae259ef242",
    "https://esm.sh/v102/@trpc/server@10.8.1/dist/index.d.ts": "b78f1c4514b5330dcce251d29b8c1680785dfa2957549299d3176ca9ed2f0ab8",
    "https://esm.sh/v102/@trpc/server@10.8.1/dist/internals.d.ts": "3796f11ae9d09c2dd85a92cd3c30cce11823c18ce6f571f99ea56f54d87794cc",
    "https://esm.sh/v102/@trpc/server@10.8.1/dist/internals/types.d.ts": "68a8dba3e87039f49ea4513ce140a7eb2bdb714aad948f1f5566269608506a52",
    "https://esm.sh/v102/@trpc/server@10.8.1/dist/observable/index.d.ts": "d40ba4a1bcfbaeba08d588b9777cd952b07e831c13c4f0a158d951cc68a68733",
    "https://esm.sh/v102/@trpc/server@10.8.1/dist/observable/internals/observableToPromise.d.ts": "2d2f53a1fd1d61997dd118cdace415dd53c4777e05b2240b12dc25b32ec862b3",
    "https://esm.sh/v102/@trpc/server@10.8.1/dist/observable/observable.d.ts": "1014e3159cc4c4e479ef8632e1a4ae98f9c116f65a76bcf82d07cab712fa27d5",
    "https://esm.sh/v102/@trpc/server@10.8.1/dist/observable/operators/index.d.ts": "061ce43fbfe43267dd92ab56e1582b3af539b627552c5546c603e4062499cd0e",
    "https://esm.sh/v102/@trpc/server@10.8.1/dist/observable/operators/map.d.ts": "da7263b2dd3ef50f79cadb0bb42ed15956de0ebfa22a15d30b992a54424c9dca",
    "https://esm.sh/v102/@trpc/server@10.8.1/dist/observable/operators/share.d.ts": "4634dc2cdb163a0de7aee90d707a3a1a1ec05b1f389ec4b241ac5667278cca0a",
    "https://esm.sh/v102/@trpc/server@10.8.1/dist/observable/operators/tap.d.ts": "dbce0a6932b91189ecc22fae1ec949ef6b8b0ec941f653a57a97df88f2526252",
    "https://esm.sh/v102/@trpc/server@10.8.1/dist/observable/types.d.ts": "6f3753e4a333a44f1ed37da1fa322ba6888b3c62caff7f12e034361324f0ad93",
    "https://esm.sh/v102/@trpc/server@10.8.1/dist/rpc/codes.d.ts": "50aa0da0cbbc2f27ef14ac871ba235935c45ed877f6ce37f3bc93a89906aead7",
    "https://esm.sh/v102/@trpc/server@10.8.1/dist/rpc/envelopes.d.ts": "220ff49574de907f43f2f7d41773df6ef5b8aa2ef31f23957e5a09c1aa047cce",
    "https://esm.sh/v102/@trpc/server@10.8.1/dist/rpc/index.d.ts": "3555d411c6612c595ff1abea398ed8807caa9f7e484298018fdd9b1cbae24a43",
    "https://esm.sh/v102/@trpc/server@10.8.1/dist/shared/createProxy/index.d.ts": "58483d87e4b66f60b34faa967c4458cc2ad3865d25b8878b1b6b3aa3b75a47bb",
    "https://esm.sh/v102/@trpc/server@10.8.1/dist/shared/index.d.ts": "218d29fe4ac71e59ca2ede3a8e7d949176829fecc4d988ef2e151d93cc571a01",
    "https://esm.sh/v102/@trpc/server@10.8.1/dist/shared/internal/serialize.d.ts": "2353c3df0f92fe4b116ca17fc55069da54f266c3593de2fd61c61abc5e9e8fc0",
    "https://esm.sh/v102/@trpc/server@10.8.1/dist/shared/jsonify.d.ts": "1395a909cc2edf44bec685f4f983159455fc25928de1af6a79782eadb9181b8c",
    "https://esm.sh/v102/@trpc/server@10.8.1/dist/transformer.d.ts": "dfa763a64a07681589cd61f44c51ac4d46b68803e41a9ef5f3e77dd14e7f6bfb",
    "https://esm.sh/v102/@trpc/server@10.8.1/dist/types.d.ts": "7fcd437415621d1c3830b99885c45015dabae679d77adb9cef1dfaf678cc4cfd",
    "https://esm.sh/v102/zod@3.20.2/deno/zod.js": "4e1c7e6ae3b866c33bfebc0c6886cb22ce577dd9ebf53cebdbd8fa8a7ab4d739",
    "https://esm.sh/v102/zod@3.20.2/index.d.ts": "b51c954b9557b1dcb03b2bf34cd136e710cb9aa276e686cac0e291249590a52a",
    "https://esm.sh/v102/zod@3.20.2/lib/ZodError.d.ts": "c53bb6e3d82b7813bed0096be4185d253c8f7d32db9c8960bc7f06980f86261e",
    "https://esm.sh/v102/zod@3.20.2/lib/errors.d.ts": "5ec2790f877581637c058eb5bbb72e855a078620d0781d2a6a8f308fe1d5436f",
    "https://esm.sh/v102/zod@3.20.2/lib/external.d.ts": "91cec2fe1e1fb2574812a29a57ad2c39a1e69b0fa1179547382c92649fc5c66e",
    "https://esm.sh/v102/zod@3.20.2/lib/helpers/enumUtil.d.ts": "f672c876c1a04a223cf2023b3d91e8a52bb1544c576b81bf64a8fec82be9969c",
    "https://esm.sh/v102/zod@3.20.2/lib/helpers/errorUtil.d.ts": "98a9cc18f661d28e6bd31c436e1984f3980f35e0f0aa9cf795c54f8ccb667ffe",
    "https://esm.sh/v102/zod@3.20.2/lib/helpers/parseUtil.d.ts": "d3dbfc2f2fbf2c1bdea72db72f9f5c95d2ca5b4d32c9e229764ebaba0920203c",
    "https://esm.sh/v102/zod@3.20.2/lib/helpers/partialUtil.d.ts": "7da6f1e431746c5364ebe6703f5d3a844ab0495e2a8cedc0a29cced52d6284a1",
    "https://esm.sh/v102/zod@3.20.2/lib/helpers/typeAliases.d.ts": "5487b97cfa28b26b4a9ef0770f872bdbebd4c46124858de00f242c3eed7519f4",
    "https://esm.sh/v102/zod@3.20.2/lib/helpers/util.d.ts": "bb98c05ae5cb9bd7cb7ad76fe517251a661787a6f24337b842f47faf393f79c7",
    "https://esm.sh/v102/zod@3.20.2/lib/index.d.ts": "0f86f053aecd06054359e146b6cd800fee9bf82905f8afb47f1fe774fd37311e",
    "https://esm.sh/v102/zod@3.20.2/lib/locales/en.d.ts": "f8ec1611afb8d132c6c71822718805866890cf2071025153af97508eff24e4b6",
    "https://esm.sh/v102/zod@3.20.2/lib/types.d.ts": "744e3c65de31c5f7f8e79f9a37e1e372c9043a5ca130ec1038180ba4c9941f1f",
    "https://esm.sh/zod@3.20.2": "11dad5f0bca99686261439ac435f7fbc0ceb9ff7d99f31fd889c6535647f885f"
  },
  "npm": {
    "specifiers": { "@trpc/server": "@trpc/server@10.8.1" },
    "packages": {
      "@trpc/server@10.8.1": {
        "integrity": "sha512-oSNYgFNJbjki4jBByJ/SKHasB/X7kTsEbVGaONNH1DHMz638xlYXPQucV+2bWbhCm5HlXhQTaVN7Or0lsCuUUQ==",
        "dependencies": {}
      }
    }
  }
}
